<?xml version="1.0" encoding="utf-8"?>
<Project ToolsVersion="4.0" xmlns="http://schemas.microsoft.com/developer/msbuild/2003">
  <ItemGroup>
    <Filter Include="ソース ファイル">
      <UniqueIdentifier>{4FC737F1-C7A5-4376-A066-2A32D752A2FF}</UniqueIdentifier>
      <Extensions>cpp;c;cc;cxx;c++;cppm;ixx;def;odl;idl;hpj;bat;asm;asmx</Extensions>
    </Filter>
    <Filter Include="ヘッダー ファイル">
      <UniqueIdentifier>{93995380-89BD-4b04-88EB-625FBE52EBFB}</UniqueIdentifier>
      <Extensions>h;hh;hpp;hxx;h++;hm;inl;inc;ipp;xsd</Extensions>
    </Filter>
    <Filter Include="Resource">
      <UniqueIdentifier>{ba4f0467-75ae-427a-b598-56af9fd0c352}</UniqueIdentifier>
    </Filter>
    <Filter Include="Resource\images">
      <UniqueIdentifier>{2244f296-886f-43b1-9cf4-460747db4819}</UniqueIdentifier>
    </Filter>
    <Filter Include="Object">
      <UniqueIdentifier>{da920d61-a4a8-4ab0-945f-c14b81486ff4}</UniqueIdentifier>
    </Filter>
    <Filter Include="Scene">
      <UniqueIdentifier>{b5e7ca26-7d9a-49e2-9789-c99c08a63625}</UniqueIdentifier>
    </Filter>
    <Filter Include="Utility">
      <UniqueIdentifier>{c31f0c58-2add-4473-8ba1-876584b998a0}</UniqueIdentifier>
    </Filter>
  </ItemGroup>
  <ItemGroup>
    <ClCompile Include="main.cpp">
      <Filter>ソース ファイル</Filter>
    </ClCompile>
    <ClCompile Include="Barrier.cpp">
      <Filter>Object</Filter>
    </ClCompile>
    <ClCompile Include="Player.cpp">
      <Filter>Object</Filter>
    </ClCompile>
    <ClCompile Include="GameMainScene.cpp">
      <Filter>Scene</Filter>
    </ClCompile>
    <ClCompile Include="Help.cpp">
      <Filter>Scene</Filter>
    </ClCompile>
    <ClCompile Include="Result.cpp">
      <Filter>Scene</Filter>
    </ClCompile>
    <ClCompile Include="SceneManager.cpp">
      <Filter>Scene</Filter>
    </ClCompile>
    <ClCompile Include="Title.cpp">
      <Filter>Scene</Filter>
    </ClCompile>
    <ClCompile Include="InputControl.cpp">
      <Filter>Utility</Filter>
    </ClCompile>
    <ClCompile Include="FpsController.cpp">
      <Filter>Utility</Filter>
    </ClCompile>
    <ClCompile Include="Mission.cpp">
      <Filter>Utility</Filter>
    </ClCompile>
    <ClCompile Include="Item.cpp">
      <Filter>Utility</Filter>
    </ClCompile>
    <ClCompile Include="Stage.cpp">
      <Filter>ソース ファイル</Filter>
    </ClCompile>
    <ClCompile Include="PadInput.cpp">
      <Filter>Utility</Filter>
    </ClCompile>
  </ItemGroup>
  <ItemGroup>
    <ClInclude Include="Stage.h">
      <Filter>ヘッダー ファイル</Filter>
    </ClInclude>
    <ClInclude Include="Barrier.h">
      <Filter>Object</Filter>
    </ClInclude>
    <ClInclude Include="Player.h">
      <Filter>Object</Filter>
    </ClInclude>
    <ClInclude Include="GameMainScene.h">
      <Filter>Scene</Filter>
    </ClInclude>
    <ClInclude Include="Help.h">
      <Filter>Scene</Filter>
    </ClInclude>
    <ClInclude Include="Result.h">
      <Filter>Scene</Filter>
    </ClInclude>
    <ClInclude Include="AbstractScene.h">
      <Filter>Scene</Filter>
    </ClInclude>
    <ClInclude Include="SceneManager.h">
      <Filter>Scene</Filter>
    </ClInclude>
    <ClInclude Include="Title.h">
      <Filter>Scene</Filter>
    </ClInclude>
    <ClInclude Include="InputControl.h">
      <Filter>Utility</Filter>
    </ClInclude>
    <ClInclude Include="Vector2D.h">
      <Filter>Utility</Filter>
    </ClInclude>
    <ClInclude Include="FpsController.h">
      <Filter>Utility</Filter>
    </ClInclude>
    <ClInclude Include="Mission.h">
      <Filter>Utility</Filter>
    </ClInclude>
    <ClInclude Include="Item.h">
      <Filter>Utility</Filter>
    </ClInclude>
    <ClInclude Include="PadInput.h">
      <Filter>Utility</Filter>
    </ClInclude>
  </ItemGroup>
</Project>